
Microsoft Visual Studio Solution File, Format Version 12.00
# Visual Studio Version 17
VisualStudioVersion = 17.4.33205.214
MinimumVisualStudioVersion = 10.0.40219.1
Project("{FAE04EC0-301F-11D3-BF4B-00C04F79EFBC}") = "simple_sql_app", "simple_sql_app\simple_sql_app.csproj", "{D3A553B9-C68B-41C7-8CCD-44AC676B4967}"
EndProject
Global
	GlobalSection(SolutionConfigurationPlatforms) = preSolution
		Debug|Any CPU = Debug|Any CPU
		Release|Any CPU = Release|Any CPU
	EndGlobalSection
	GlobalSection(ProjectConfigurationPlatforms) = postSolution
		{D3A553B9-C68B-41C7-8CCD-44AC676B4967}.Debug|Any CPU.ActiveCfg = Debug|Any CPU
		{D3A553B9-C68B-41C7-8CCD-44AC676B4967}.Debug|Any CPU.Build.0 = Debug|Any CPU
		{D3A553B9-C68B-41C7-8CCD-44AC676B4967}.Release|Any CPU.ActiveCfg = Release|Any CPU
		{D3A553B9-C68B-41C7-8CCD-44AC676B4967}.Release|Any CPU.Build.0 = Release|Any CPU
	EndGlobalSection
	GlobalSection(SolutionProperties) = preSolution
		HideSolutionNode = FALSE
	EndGlobalSection
	GlobalSection(ExtensibilityGlobals) = postSolution
		SolutionGuid = {E4903BDB-6052-4CE1-A244-A8D8B8B47DCE}
	EndGlobalSection
EndGlobal
